// !$*UTF8*$!
{
	archiveVersion = 1;
	classes = {
	};
	objectVersion = 46;
	objects = {

/* Begin PBXBuildFile section */
		228432081CE37BB50042B814 /* ReadMe.txt in Resources */ = {isa = PBXBuildFile; fileRef = 228432071CE37BB50042B814 /* ReadMe.txt */; settings = {ASSET_TAGS = (); }; };
		229B08721CE3132A00DB036C /* AppDelegate.swift in Sources */ = {isa = PBXBuildFile; fileRef = 229B08711CE3132A00DB036C /* AppDelegate.swift */; };
		229B08771CE3132B00DB036C /* Main.storyboard in Resources */ = {isa = PBXBuildFile; fileRef = 229B08751CE3132B00DB036C /* Main.storyboard */; };
		229B08791CE3132B00DB036C /* Assets.xcassets in Resources */ = {isa = PBXBuildFile; fileRef = 229B08781CE3132B00DB036C /* Assets.xcassets */; };
		229B087C1CE3132B00DB036C /* LaunchScreen.storyboard in Resources */ = {isa = PBXBuildFile; fileRef = 229B087A1CE3132B00DB036C /* LaunchScreen.storyboard */; };
		229B08871CE3150600DB036C /* HappinessViewController.swift in Sources */ = {isa = PBXBuildFile; fileRef = 229B08861CE3150600DB036C /* HappinessViewController.swift */; settings = {ASSET_TAGS = (); }; };
		229B08891CE3172200DB036C /* FaceView.swift in Sources */ = {isa = PBXBuildFile; fileRef = 229B08881CE3172200DB036C /* FaceView.swift */; settings = {ASSET_TAGS = (); }; };
/* End PBXBuildFile section */

/* Begin PBXFileReference section */
		228432071CE37BB50042B814 /* ReadMe.txt */ = {isa = PBXFileReference; fileEncoding = 4; lastKnownFileType = text; path = ReadMe.txt; sourceTree = "<group>"; };
		229B086E1CE3132A00DB036C /* Happiness.app */ = {isa = PBXFileReference; explicitFileType = wrapper.application; includeInIndex = 0; path = Happiness.app; sourceTree = BUILT_PRODUCTS_DIR; };
		229B08711CE3132A00DB036C /* AppDelegate.swift */ = {isa = PBXFileReference; lastKnownFileType = sourcecode.swift; path = AppDelegate.swift; sourceTree = "<group>"; };
		229B08761CE3132B00DB036C /* Base */ = {isa = PBXFileReference; lastKnownFileType = file.storyboard; name = Base; path = Base.lproj/Main.storyboard; sourceTree = "<group>"; };
		229B08781CE3132B00DB036C /* Assets.xcassets */ = {isa = PBXFileReference; lastKnownFileType = folder.assetcatalog; path = Assets.xcassets; sourceTree = "<group>"; };
		229B087B1CE3132B00DB036C /* Base */ = {isa = PBXFileReference; lastKnownFileType = file.storyboard; name = Base; path = Base.lproj/LaunchScreen.storyboard; sourceTree = "<group>"; };
		229B087D1CE3132B00DB036C /* Info.plist */ = {isa = PBXFileReference; lastKnownFileType = text.plist.xml; path = Info.plist; sourceTree = "<group>"; };
		229B08861CE3150600DB036C /* HappinessViewController.swift */ = {isa = PBXFileReference; fileEncoding = 4; lastKnownFileType = sourcecode.swift; path = HappinessViewController.swift; sourceTree = "<group>"; };
		229B08881CE3172200DB036C /* FaceView.swift */ = {isa = PBXFileReference; fileEncoding = 4; lastKnownFileType = sourcecode.swift; path = FaceView.swift; sourceTree = "<group>"; };
/* End PBXFileReference section */

/* Begin PBXFrameworksBuildPhase section */
		229B086B1CE3132A00DB036C /* Frameworks */ = {
			isa = PBXFrameworksBuildPhase;
			buildActionMask = 2147483647;
			files = (
			);
			runOnlyForDeploymentPostprocessing = 0;
		};
/* End PBXFrameworksBuildPhase section */

/* Begin PBXGroup section */
		229B08651CE3132A00DB036C = {
			isa = PBXGroup;
			children = (
				229B08701CE3132A00DB036C /* Happiness */,
				229B086F1CE3132A00DB036C /* Products */,
			);
			sourceTree = "<group>";
		};
		229B086F1CE3132A00DB036C /* Products */ = {
			isa = PBXGroup;
			children = (
				229B086E1CE3132A00DB036C /* Happiness.app */,
			);
			name = Products;
			sourceTree = "<group>";
		};
		229B08701CE3132A00DB036C /* Happiness */ = {
			isa = PBXGroup;
			children = (
				228432071CE37BB50042B814 /* ReadMe.txt */,
				229B08751CE3132B00DB036C /* Main.storyboard */,
				229B08881CE3172200DB036C /* FaceView.swift */,
				229B08861CE3150600DB036C /* HappinessViewController.swift */,
				229B08851CE313F200DB036C /* Supporting Files */,
			);
			path = Happiness;
			sourceTree = "<group>";
		};
		229B08851CE313F200DB036C /* Supporting Files */ = {
			isa = PBXGroup;
			children = (
				229B08711CE3132A00DB036C /* AppDelegate.swift */,
				229B087A1CE3132B00DB036C /* LaunchScreen.storyboard */,
				229B087D1CE3132B00DB036C /* Info.plist */,
				229B08781CE3132B00DB036C /* Assets.xcassets */,
			);
			name = "Supporting Files";
			sourceTree = "<group>";
		};
/* End PBXGroup section */

/* Begin PBXNativeTarget section */
		229B086D1CE3132A00DB036C /* Happiness */ = {
			isa = PBXNativeTarget;
			buildConfigurationList = 229B08801CE3132B00DB036C /* Build configuration list for PBXNativeTarget "Happiness" */;
			buildPhases = (
				229B086A1CE3132A00DB036C /* Sources */,
				229B086B1CE3132A00DB036C /* Frameworks */,
				229B086C1CE3132A00DB036C /* Resources */,
			);
			buildRules = (
			);
			dependencies = (
			);
			name = Happiness;
			productName = Happiness;
			productReference = 229B086E1CE3132A00DB036C /* Happiness.app */;
			productType = "com.apple.product-type.application";
		};
/* End PBXNativeTarget section */

/* Begin PBXProject section */
		229B08661CE3132A00DB036C /* Project object */ = {
			isa = PBXProject;
			attributes = {
				LastUpgradeCheck = 0700;
				ORGANIZATIONNAME = Apple3;
				TargetAttributes = {
					229B086D1CE3132A00DB036C = {
						CreatedOnToolsVersion = 7.0;
					};
				};
			};
			buildConfigurationList = 229B08691CE3132A00DB036C /* Build configuration list for PBXProject "Happiness" */;
			compatibilityVersion = "Xcode 3.2";
			developmentRegion = English;
			hasScannedForEncodings = 0;
			knownRegions = (
				en,
				Base,
			);
			mainGroup = 229B08651CE3132A00DB036C;
			productRefGroup = 229B086F1CE3132A00DB036C /* Products */;
			projectDirPath = "";
			projectRoot = "";
			targets = (
				229B086D1CE3132A00DB036C /* Happiness */,
			);
		};
/* End PBXProject section */

/* Begin PBXResourcesBuildPhase section */
		229B086C1CE3132A00DB036C /* Resources */ = {
			isa = PBXResourcesBuildPhase;
			buildActionMask = 2147483647;
			files = (
				229B087C1CE3132B00DB036C /* LaunchScreen.storyboard in Resources */,
				229B08791CE3132B00DB036C /* Assets.xcassets in Resources */,
				228432081CE37BB50042B814 /* ReadMe.txt in Resources */,
				229B08771CE3132B00DB036C /* Main.storyboard in Resources */,
			);
			runOnlyForDeploymentPostprocessing = 0;
		};
/* End PBXResourcesBuildPhase section */

/* Begin PBXSourcesBuildPhase section */
		229B086A1CE3132A00DB036C /* Sources */ = {
			isa = PBXSourcesBuildPhase;
			buildActionMask = 2147483647;
			files = (
				229B08871CE3150600DB036C /* HappinessViewController.swift in Sources */,
				229B08721CE3132A00DB036C /* AppDelegate.swift in Sources */,
				229B08891CE3172200DB036C /* FaceView.swift in Sources */,
			);
			runOnlyForDeploymentPostprocessing = 0;
		};
/* End PBXSourcesBuildPhase section */

/* Begin PBXVariantGroup section */
		229B08751CE3132B00DB036C /* Main.storyboard */ = {
			isa = PBXVariantGroup;
			children = (
				229B08761CE3132B00DB036C /* Base */,
			);
			name = Main.storyboard;
			sourceTree = "<group>";
		};
		229B087A1CE3132B00DB036C /* LaunchScreen.storyboard */ = {
			isa = PBXVariantGroup;
			children = (
				229B087B1CE3132B00DB036C /* Base */,
			);
			name = LaunchScreen.storyboard;
			sourceTree = "<group>";
		};
/* End PBXVariantGroup section */

/* Begin XCBuildConfiguration section */
		229B087E1CE3132B00DB036C /* Debug */ = {
			isa = XCBuildConfiguration;
			buildSettings = {
				ALWAYS_SEARCH_USER_PATHS = NO;
				CLANG_CXX_LANGUAGE_STANDARD = "gnu++0x";
				CLANG_CXX_LIBRARY = "libc++";
				CLANG_ENABLE_MODULES = YES;
				CLANG_ENABLE_OBJC_ARC = YES;
				CLANG_WARN_BOOL_CONVERSION = YES;
				CLANG_WARN_CONSTANT_CONVERSION = YES;
				CLANG_WARN_DIRECT_OBJC_ISA_USAGE = YES_ERROR;
				CLANG_WARN_EMPTY_BODY = YES;
				CLANG_WARN_ENUM_CONVERSION = YES;
				CLANG_WARN_INT_CONVERSION = YES;
				CLANG_WARN_OBJC_ROOT_CLASS = YES_ERROR;
				CLANG_WARN_UNREACHABLE_CODE = YES;
				CLANG_WARN__DUPLICATE_METHOD_MATCH = YES;
				"CODE_SIGN_IDENTITY[sdk=iphoneos*]" = "iPhone Developer";
				COPY_PHASE_STRIP = NO;
				DEBUG_INFORMATION_FORMAT = dwarf;
				ENABLE_STRICT_OBJC_MSGSEND = YES;
				ENABLE_TESTABILITY = YES;
				GCC_C_LANGUAGE_STANDARD = gnu99;
				GCC_DYNAMIC_NO_PIC = NO;
				GCC_NO_COMMON_BLOCKS = YES;
				GCC_OPTIMIZATION_LEVEL = 0;
				GCC_PREPROCESSOR_DEFINITIONS = (
					"DEBUG=1",
					"$(inherited)",
				);
				GCC_WARN_64_TO_32_BIT_CONVERSION = YES;
				GCC_WARN_ABOUT_RETURN_TYPE = YES_ERROR;
				GCC_WARN_UNDECLARED_SELECTOR = YES;
				GCC_WARN_UNINITIALIZED_AUTOS = YES_AGGRESSIVE;
				GCC_WARN_UNUSED_FUNCTION = YES;
				GCC_WARN_UNUSED_VARIABLE = YES;
				IPHONEOS_DEPLOYMENT_TARGET = 9.0;
				MTL_ENABLE_DEBUG_INFO = YES;
				ONLY_ACTIVE_ARCH = YES;
				SDKROOT = iphoneos;
				SWIFT_OPTIMIZATION_LEVEL = "-Onone";
				TARGETED_DEVICE_FAMILY = "1,2";
			};
			name = Debug;
		};
		229B087F1CE3132B00DB036C /* Release */ = {
			isa = XCBuildConfiguration;
			buildSettings = {
				ALWAYS_SEARCH_USER_PATHS = NO;
				CLANG_CXX_LANGUAGE_STANDARD = "gnu++0x";
				CLANG_CXX_LIBRARY = "libc++";
				CLANG_ENABLE_MODULES = YES;
				CLANG_ENABLE_OBJC_ARC = YES;
				CLANG_WARN_BOOL_CONVERSION = YES;
				CLANG_WARN_CONSTANT_CONVERSION = YES;
				CLANG_WARN_DIRECT_OBJC_ISA_USAGE = YES_ERROR;
				CLANG_WARN_EMPTY_BODY = YES;
				CLANG_WARN_ENUM_CONVERSION = YES;
				CLANG_WARN_INT_CONVERSION = YES;
				CLANG_WARN_OBJC_ROOT_CLASS = YES_ERROR;
				CLANG_WARN_UNREACHABLE_CODE = YES;
				CLANG_WARN__DUPLICATE_METHOD_MATCH = YES;
				"CODE_SIGN_IDENTITY[sdk=iphoneos*]" = "iPhone Developer";
				COPY_PHASE_STRIP = NO;
				DEBUG_INFORMATION_FORMAT = "dwarf-with-dsym";
				ENABLE_NS_ASSERTIONS = NO;
				ENABLE_STRICT_OBJC_MSGSEND = YES;
				GCC_C_LANGUAGE_STANDARD = gnu99;
				GCC_NO_COMMON_BLOCKS = YES;
				GCC_WARN_64_TO_32_BIT_CONVERSION = YES;
				GCC_WARN_ABOUT_RETURN_TYPE = YES_ERROR;
				GCC_WARN_UNDECLARED_SELECTOR = YES;
				GCC_WARN_UNINITIALIZED_AUTOS = YES_AGGRESSIVE;
				GCC_WARN_UNUSED_FUNCTION = YES;
				GCC_WARN_UNUSED_VARIABLE = YES;
				IPHONEOS_DEPLOYMENT_TARGET = 9.0;
				MTL_ENABLE_DEBUG_INFO = NO;
				SDKROOT = iphoneos;
				TARGETED_DEVICE_FAMILY = "1,2";
				VALIDATE_PRODUCT = YES;
			};
			name = Release;
		};
		229B08811CE3132B00DB036C /* Debug */ = {
			isa = XCBuildConfiguration;
			buildSettings = {
				ASSETCATALOG_COMPILER_APPICON_NAME = AppIcon;
				INFOPLIST_FILE = Happiness/Info.plist;
				LD_RUNPATH_SEARCH_PATHS = "$(inherited) @executable_path/Frameworks";
				PRODUCT_BUNDLE_IDENTIFIER = Inteliment.com.Happiness;
				PRODUCT_NAME = "$(TARGET_NAME)";
			};
			name = Debug;
		};
		229B08821CE3132B00DB036C /* Release */ = {
			isa = XCBuildConfiguration;
			buildSettings = {
				ASSETCATALOG_COMPILER_APPICON_NAME = AppIcon;
				INFOPLIST_FILE = Happiness/Info.plist;
				LD_RUNPATH_SEARCH_PATHS = "$(inherited) @executable_path/Frameworks";
				PRODUCT_BUNDLE_IDENTIFIER = Inteliment.com.Happiness;
				PRODUCT_NAME = "$(TARGET_NAME)";
			};
			name = Release;
		};
/* End XCBuildConfiguration section */

/* Begin XCConfigurationList section */
		229B08691CE3132A00DB036C /* Build configuration list for PBXProject "Happiness" */ = {
			isa = XCConfigurationList;
			buildConfigurations = (
				229B087E1CE3132B00DB036C /* Debug */,
				229B087F1CE3132B00DB036C /* Release */,
			);
			defaultConfigurationIsVisible = 0;
			defaultConfigurationName = Release;
		};
		229B08801CE3132B00DB036C /* Build configuration list for PBXNativeTarget "Happiness" */ = {
			isa = XCConfigurationList;
			buildConfigurations = (
				229B08811CE3132B00DB036C /* Debug */,
				229B08821CE3132B00DB036C /* Release */,
			);
			defaultConfigurationIsVisible = 0;
			defaultConfigurationName = Release;
		};
/* End XCConfigurationList section */
	};
	rootObject = 229B08661CE3132A00DB036C /* Project object */;
}
